
Microsoft Visual Studio Solution File, Format Version 12.00
# Visual Studio Version 17
VisualStudioVersion = 17.4.33110.190
MinimumVisualStudioVersion = 10.0.40219.1
Project("{FAE04EC0-301F-11D3-BF4B-00C04F79EFBC}") = "CSharpShop", "CSharpShop.csproj", "{04E6B189-041D-4300-B755-3C8B8082378C}"
EndProject
Global
	GlobalSection(SolutionConfigurationPlatforms) = preSolution
		Debug|Any CPU = Debug|Any CPU
		Release|Any CPU = Release|Any CPU
	EndGlobalSection
	GlobalSection(ProjectConfigurationPlatforms) = postSolution
		{04E6B189-041D-4300-B755-3C8B8082378C}.Debug|Any CPU.ActiveCfg = Debug|Any CPU
		{04E6B189-041D-4300-B755-3C8B8082378C}.Debug|Any CPU.Build.0 = Debug|Any CPU
		{04E6B189-041D-4300-B755-3C8B8082378C}.Release|Any CPU.ActiveCfg = Release|Any CPU
		{04E6B189-041D-4300-B755-3C8B8082378C}.Release|Any CPU.Build.0 = Release|Any CPU
	EndGlobalSection
	GlobalSection(SolutionProperties) = preSolution
		HideSolutionNode = FALSE
	EndGlobalSection
	GlobalSection(ExtensibilityGlobals) = postSolution
		SolutionGuid = {45CB46EC-C791-4E17-81ED-626D8CA96D5E}
	EndGlobalSection
EndGlobal
